// !$*UTF8*$!
{
	archiveVersion = 1;
	classes = {
	};
	objectVersion = 50;
	objects = {

/* Begin PBXBuildFile section */
		3C1DA4492321FFD000D15CF4 /* scan_net@2x.png in Resources */ = {isa = PBXBuildFile; fileRef = 3C1DA43D2321FFCF00D15CF4 /* scan_net@2x.png */; };
		3C1DA44A2321FFD000D15CF4 /* app_scan_corner_top_left@2x.png in Resources */ = {isa = PBXBuildFile; fileRef = 3C1DA43E2321FFCF00D15CF4 /* app_scan_corner_top_left@2x.png */; };
		3C1DA44B2321FFD000D15CF4 /* app_scan_corner_bottom_right@2x.png in Resources */ = {isa = PBXBuildFile; fileRef = 3C1DA43F2321FFCF00D15CF4 /* app_scan_corner_bottom_right@2x.png */; };
		3C1DA44C2321FFD000D15CF4 /* app_scan_corner_top_right@3x.png in Resources */ = {isa = PBXBuildFile; fileRef = 3C1DA4402321FFD000D15CF4 /* app_scan_corner_top_right@3x.png */; };
		3C1DA44D2321FFD000D15CF4 /* app_scan_corner_bottom_right@3x.png in Resources */ = {isa = PBXBuildFile; fileRef = 3C1DA4412321FFD000D15CF4 /* app_scan_corner_bottom_right@3x.png */; };
		3C1DA44E2321FFD000D15CF4 /* scanSuccess.mp3 in Resources */ = {isa = PBXBuildFile; fileRef = 3C1DA4422321FFD000D15CF4 /* scanSuccess.mp3 */; };
		3C1DA44F2321FFD000D15CF4 /* btn_player_quit@2x.png in Resources */ = {isa = PBXBuildFile; fileRef = 3C1DA4432321FFD000D15CF4 /* btn_player_quit@2x.png */; };
		3C1DA4502321FFD000D15CF4 /* app_scan_corner_top_right@2x.png in Resources */ = {isa = PBXBuildFile; fileRef = 3C1DA4442321FFD000D15CF4 /* app_scan_corner_top_right@2x.png */; };
		3C1DA4512321FFD000D15CF4 /* app_scan_corner_top_left@3x.png in Resources */ = {isa = PBXBuildFile; fileRef = 3C1DA4452321FFD000D15CF4 /* app_scan_corner_top_left@3x.png */; };
		3C1DA4522321FFD000D15CF4 /* app_scan_corner_bottom_left@2x.png in Resources */ = {isa = PBXBuildFile; fileRef = 3C1DA4462321FFD000D15CF4 /* app_scan_corner_bottom_left@2x.png */; };
		3C1DA4532321FFD000D15CF4 /* btn_player_quit@3x.png in Resources */ = {isa = PBXBuildFile; fileRef = 3C1DA4472321FFD000D15CF4 /* btn_player_quit@3x.png */; };
		3C1DA4542321FFD000D15CF4 /* app_scan_corner_bottom_left@3x.png in Resources */ = {isa = PBXBuildFile; fileRef = 3C1DA4482321FFD000D15CF4 /* app_scan_corner_bottom_left@3x.png */; };
		3C1DA4592322005800D15CF4 /* CBScan.bundle in Resources */ = {isa = PBXBuildFile; fileRef = 3C1DA4582322005800D15CF4 /* CBScan.bundle */; };
		3C69B3BA22D2F56D00ABE2E3 /* AppDelegate.m in Sources */ = {isa = PBXBuildFile; fileRef = 3C69B3B922D2F56D00ABE2E3 /* AppDelegate.m */; };
		3C69B3BD22D2F56E00ABE2E3 /* ViewController.m in Sources */ = {isa = PBXBuildFile; fileRef = 3C69B3BC22D2F56E00ABE2E3 /* ViewController.m */; };
		3C69B3C022D2F56E00ABE2E3 /* Main.storyboard in Resources */ = {isa = PBXBuildFile; fileRef = 3C69B3BE22D2F56E00ABE2E3 /* Main.storyboard */; };
		3C69B3C222D2F56F00ABE2E3 /* Assets.xcassets in Resources */ = {isa = PBXBuildFile; fileRef = 3C69B3C122D2F56F00ABE2E3 /* Assets.xcassets */; };
		3C69B3C522D2F56F00ABE2E3 /* LaunchScreen.storyboard in Resources */ = {isa = PBXBuildFile; fileRef = 3C69B3C322D2F56F00ABE2E3 /* LaunchScreen.storyboard */; };
		3C69B3C822D2F56F00ABE2E3 /* main.m in Sources */ = {isa = PBXBuildFile; fileRef = 3C69B3C722D2F56F00ABE2E3 /* main.m */; };
		3C69B3E522D2F58E00ABE2E3 /* CBScan.m in Sources */ = {isa = PBXBuildFile; fileRef = 3C69B3D822D2F58E00ABE2E3 /* CBScan.m */; };
		A47CAC8D05815CF2DE3DE1D7 /* libPods-CBScanDemo.a in Frameworks */ = {isa = PBXBuildFile; fileRef = E6F4D27AC0828EEA6BADBB90 /* libPods-CBScanDemo.a */; };
/* End PBXBuildFile section */

/* Begin PBXFileReference section */
		1C976007F9F777E7ED29B3D2 /* Pods-CBScanDemo.debug.xcconfig */ = {isa = PBXFileReference; includeInIndex = 1; lastKnownFileType = text.xcconfig; name = "Pods-CBScanDemo.debug.xcconfig"; path = "Target Support Files/Pods-CBScanDemo/Pods-CBScanDemo.debug.xcconfig"; sourceTree = "<group>"; };
		3C1DA4282321FC7700D15CF4 /* CBScan.bundle */ = {isa = PBXFileReference; explicitFileType = wrapper.cfbundle; includeInIndex = 0; path = CBScan.bundle; sourceTree = BUILT_PRODUCTS_DIR; };
		3C1DA42A2321FC7700D15CF4 /* Info.plist */ = {isa = PBXFileReference; lastKnownFileType = text.plist.xml; path = Info.plist; sourceTree = "<group>"; };
		3C1DA43D2321FFCF00D15CF4 /* scan_net@2x.png */ = {isa = PBXFileReference; lastKnownFileType = image.png; path = "scan_net@2x.png"; sourceTree = "<group>"; };
		3C1DA43E2321FFCF00D15CF4 /* app_scan_corner_top_left@2x.png */ = {isa = PBXFileReference; lastKnownFileType = image.png; path = "app_scan_corner_top_left@2x.png"; sourceTree = "<group>"; };
		3C1DA43F2321FFCF00D15CF4 /* app_scan_corner_bottom_right@2x.png */ = {isa = PBXFileReference; lastKnownFileType = image.png; path = "app_scan_corner_bottom_right@2x.png"; sourceTree = "<group>"; };
		3C1DA4402321FFD000D15CF4 /* app_scan_corner_top_right@3x.png */ = {isa = PBXFileReference; lastKnownFileType = image.png; path = "app_scan_corner_top_right@3x.png"; sourceTree = "<group>"; };
		3C1DA4412321FFD000D15CF4 /* app_scan_corner_bottom_right@3x.png */ = {isa = PBXFileReference; lastKnownFileType = image.png; path = "app_scan_corner_bottom_right@3x.png"; sourceTree = "<group>"; };
		3C1DA4422321FFD000D15CF4 /* scanSuccess.mp3 */ = {isa = PBXFileReference; lastKnownFileType = audio.mp3; path = scanSuccess.mp3; sourceTree = "<group>"; };
		3C1DA4432321FFD000D15CF4 /* btn_player_quit@2x.png */ = {isa = PBXFileReference; lastKnownFileType = image.png; path = "btn_player_quit@2x.png"; sourceTree = "<group>"; };
		3C1DA4442321FFD000D15CF4 /* app_scan_corner_top_right@2x.png */ = {isa = PBXFileReference; lastKnownFileType = image.png; path = "app_scan_corner_top_right@2x.png"; sourceTree = "<group>"; };
		3C1DA4452321FFD000D15CF4 /* app_scan_corner_top_left@3x.png */ = {isa = PBXFileReference; lastKnownFileType = image.png; path = "app_scan_corner_top_left@3x.png"; sourceTree = "<group>"; };
		3C1DA4462321FFD000D15CF4 /* app_scan_corner_bottom_left@2x.png */ = {isa = PBXFileReference; lastKnownFileType = image.png; path = "app_scan_corner_bottom_left@2x.png"; sourceTree = "<group>"; };
		3C1DA4472321FFD000D15CF4 /* btn_player_quit@3x.png */ = {isa = PBXFileReference; lastKnownFileType = image.png; path = "btn_player_quit@3x.png"; sourceTree = "<group>"; };
		3C1DA4482321FFD000D15CF4 /* app_scan_corner_bottom_left@3x.png */ = {isa = PBXFileReference; lastKnownFileType = image.png; path = "app_scan_corner_bottom_left@3x.png"; sourceTree = "<group>"; };
		3C1DA4582322005800D15CF4 /* CBScan.bundle */ = {isa = PBXFileReference; lastKnownFileType = "wrapper.plug-in"; path = CBScan.bundle; sourceTree = "<group>"; };
		3C69B3B522D2F56D00ABE2E3 /* CBScanDemo.app */ = {isa = PBXFileReference; explicitFileType = wrapper.application; includeInIndex = 0; path = CBScanDemo.app; sourceTree = BUILT_PRODUCTS_DIR; };
		3C69B3B822D2F56D00ABE2E3 /* AppDelegate.h */ = {isa = PBXFileReference; lastKnownFileType = sourcecode.c.h; path = AppDelegate.h; sourceTree = "<group>"; };
		3C69B3B922D2F56D00ABE2E3 /* AppDelegate.m */ = {isa = PBXFileReference; lastKnownFileType = sourcecode.c.objc; path = AppDelegate.m; sourceTree = "<group>"; };
		3C69B3BB22D2F56D00ABE2E3 /* ViewController.h */ = {isa = PBXFileReference; lastKnownFileType = sourcecode.c.h; path = ViewController.h; sourceTree = "<group>"; };
		3C69B3BC22D2F56E00ABE2E3 /* ViewController.m */ = {isa = PBXFileReference; lastKnownFileType = sourcecode.c.objc; path = ViewController.m; sourceTree = "<group>"; };
		3C69B3BF22D2F56E00ABE2E3 /* Base */ = {isa = PBXFileReference; lastKnownFileType = file.storyboard; name = Base; path = Base.lproj/Main.storyboard; sourceTree = "<group>"; };
		3C69B3C122D2F56F00ABE2E3 /* Assets.xcassets */ = {isa = PBXFileReference; lastKnownFileType = folder.assetcatalog; path = Assets.xcassets; sourceTree = "<group>"; };
		3C69B3C422D2F56F00ABE2E3 /* Base */ = {isa = PBXFileReference; lastKnownFileType = file.storyboard; name = Base; path = Base.lproj/LaunchScreen.storyboard; sourceTree = "<group>"; };
		3C69B3C622D2F56F00ABE2E3 /* Info.plist */ = {isa = PBXFileReference; lastKnownFileType = text.plist.xml; path = Info.plist; sourceTree = "<group>"; };
		3C69B3C722D2F56F00ABE2E3 /* main.m */ = {isa = PBXFileReference; lastKnownFileType = sourcecode.c.objc; path = main.m; sourceTree = "<group>"; };
		3C69B3D022D2F58E00ABE2E3 /* CBScan.h */ = {isa = PBXFileReference; fileEncoding = 4; lastKnownFileType = sourcecode.c.h; path = CBScan.h; sourceTree = "<group>"; };
		3C69B3D822D2F58E00ABE2E3 /* CBScan.m */ = {isa = PBXFileReference; fileEncoding = 4; lastKnownFileType = sourcecode.c.objc; path = CBScan.m; sourceTree = "<group>"; };
		DCE204F1DF817B26D0E90F09 /* Pods-CBScanDemo.release.xcconfig */ = {isa = PBXFileReference; includeInIndex = 1; lastKnownFileType = text.xcconfig; name = "Pods-CBScanDemo.release.xcconfig"; path = "Target Support Files/Pods-CBScanDemo/Pods-CBScanDemo.release.xcconfig"; sourceTree = "<group>"; };
		E6F4D27AC0828EEA6BADBB90 /* libPods-CBScanDemo.a */ = {isa = PBXFileReference; explicitFileType = archive.ar; includeInIndex = 0; path = "libPods-CBScanDemo.a"; sourceTree = BUILT_PRODUCTS_DIR; };
/* End PBXFileReference section */

/* Begin PBXFrameworksBuildPhase section */
		3C1DA4252321FC7700D15CF4 /* Frameworks */ = {
			isa = PBXFrameworksBuildPhase;
			buildActionMask = 2147483647;
			files = (
			);
			runOnlyForDeploymentPostprocessing = 0;
		};
		3C69B3B222D2F56D00ABE2E3 /* Frameworks */ = {
			isa = PBXFrameworksBuildPhase;
			buildActionMask = 2147483647;
			files = (
				A47CAC8D05815CF2DE3DE1D7 /* libPods-CBScanDemo.a in Frameworks */,
			);
			runOnlyForDeploymentPostprocessing = 0;
		};
/* End PBXFrameworksBuildPhase section */

/* Begin PBXGroup section */
		3C1DA4292321FC7700D15CF4 /* CBScan */ = {
			isa = PBXGroup;
			children = (
				3C1DA43C2321FFBF00D15CF4 /* Resources */,
				3C1DA42A2321FC7700D15CF4 /* Info.plist */,
			);
			path = CBScan;
			sourceTree = "<group>";
		};
		3C1DA43C2321FFBF00D15CF4 /* Resources */ = {
			isa = PBXGroup;
			children = (
				3C1DA4462321FFD000D15CF4 /* app_scan_corner_bottom_left@2x.png */,
				3C1DA4482321FFD000D15CF4 /* app_scan_corner_bottom_left@3x.png */,
				3C1DA43F2321FFCF00D15CF4 /* app_scan_corner_bottom_right@2x.png */,
				3C1DA4412321FFD000D15CF4 /* app_scan_corner_bottom_right@3x.png */,
				3C1DA43E2321FFCF00D15CF4 /* app_scan_corner_top_left@2x.png */,
				3C1DA4452321FFD000D15CF4 /* app_scan_corner_top_left@3x.png */,
				3C1DA4442321FFD000D15CF4 /* app_scan_corner_top_right@2x.png */,
				3C1DA4402321FFD000D15CF4 /* app_scan_corner_top_right@3x.png */,
				3C1DA4432321FFD000D15CF4 /* btn_player_quit@2x.png */,
				3C1DA4472321FFD000D15CF4 /* btn_player_quit@3x.png */,
				3C1DA43D2321FFCF00D15CF4 /* scan_net@2x.png */,
				3C1DA4422321FFD000D15CF4 /* scanSuccess.mp3 */,
			);
			path = Resources;
			sourceTree = "<group>";
		};
		3C1DA4572322004B00D15CF4 /* Resources */ = {
			isa = PBXGroup;
			children = (
				3C1DA4582322005800D15CF4 /* CBScan.bundle */,
			);
			path = Resources;
			sourceTree = "<group>";
		};
		3C69B3AC22D2F56D00ABE2E3 = {
			isa = PBXGroup;
			children = (
				3C69B3B722D2F56D00ABE2E3 /* CBScanDemo */,
				3C1DA4292321FC7700D15CF4 /* CBScan */,
				3C69B3B622D2F56D00ABE2E3 /* Products */,
				778381916C0DA65C2D570363 /* Pods */,
				4CF5D9C74BF5B41D38778EC4 /* Frameworks */,
			);
			sourceTree = "<group>";
		};
		3C69B3B622D2F56D00ABE2E3 /* Products */ = {
			isa = PBXGroup;
			children = (
				3C69B3B522D2F56D00ABE2E3 /* CBScanDemo.app */,
				3C1DA4282321FC7700D15CF4 /* CBScan.bundle */,
			);
			name = Products;
			sourceTree = "<group>";
		};
		3C69B3B722D2F56D00ABE2E3 /* CBScanDemo */ = {
			isa = PBXGroup;
			children = (
				3C69B3CE22D2F58E00ABE2E3 /* CBScan */,
				3C69B3B822D2F56D00ABE2E3 /* AppDelegate.h */,
				3C69B3B922D2F56D00ABE2E3 /* AppDelegate.m */,
				3C69B3BB22D2F56D00ABE2E3 /* ViewController.h */,
				3C69B3BC22D2F56E00ABE2E3 /* ViewController.m */,
				3C69B3BE22D2F56E00ABE2E3 /* Main.storyboard */,
				3C69B3C122D2F56F00ABE2E3 /* Assets.xcassets */,
				3C69B3C322D2F56F00ABE2E3 /* LaunchScreen.storyboard */,
				3C69B3C622D2F56F00ABE2E3 /* Info.plist */,
				3C69B3C722D2F56F00ABE2E3 /* main.m */,
			);
			path = CBScanDemo;
			sourceTree = "<group>";
		};
		3C69B3CE22D2F58E00ABE2E3 /* CBScan */ = {
			isa = PBXGroup;
			children = (
				3C1DA4572322004B00D15CF4 /* Resources */,
				3C69B3D022D2F58E00ABE2E3 /* CBScan.h */,
				3C69B3D822D2F58E00ABE2E3 /* CBScan.m */,
			);
			name = CBScan;
			path = ../../CBScan;
			sourceTree = "<group>";
		};
		4CF5D9C74BF5B41D38778EC4 /* Frameworks */ = {
			isa = PBXGroup;
			children = (
				E6F4D27AC0828EEA6BADBB90 /* libPods-CBScanDemo.a */,
			);
			name = Frameworks;
			sourceTree = "<group>";
		};
		778381916C0DA65C2D570363 /* Pods */ = {
			isa = PBXGroup;
			children = (
				1C976007F9F777E7ED29B3D2 /* Pods-CBScanDemo.debug.xcconfig */,
				DCE204F1DF817B26D0E90F09 /* Pods-CBScanDemo.release.xcconfig */,
			);
			path = Pods;
			sourceTree = "<group>";
		};
/* End PBXGroup section */

/* Begin PBXNativeTarget section */
		3C1DA4272321FC7700D15CF4 /* CBScan */ = {
			isa = PBXNativeTarget;
			buildConfigurationList = 3C1DA42D2321FC7700D15CF4 /* Build configuration list for PBXNativeTarget "CBScan" */;
			buildPhases = (
				3C1DA4242321FC7700D15CF4 /* Sources */,
				3C1DA4252321FC7700D15CF4 /* Frameworks */,
				3C1DA4262321FC7700D15CF4 /* Resources */,
			);
			buildRules = (
			);
			dependencies = (
			);
			name = CBScan;
			productName = CBScan;
			productReference = 3C1DA4282321FC7700D15CF4 /* CBScan.bundle */;
			productType = "com.apple.product-type.bundle";
		};
		3C69B3B422D2F56D00ABE2E3 /* CBScanDemo */ = {
			isa = PBXNativeTarget;
			buildConfigurationList = 3C69B3CB22D2F56F00ABE2E3 /* Build configuration list for PBXNativeTarget "CBScanDemo" */;
			buildPhases = (
				55B9AB6E978050CF7C365714 /* [CP] Check Pods Manifest.lock */,
				3C69B3B122D2F56D00ABE2E3 /* Sources */,
				3C69B3B222D2F56D00ABE2E3 /* Frameworks */,
				3C69B3B322D2F56D00ABE2E3 /* Resources */,
			);
			buildRules = (
			);
			dependencies = (
			);
			name = CBScanDemo;
			productName = CBScanDemo;
			productReference = 3C69B3B522D2F56D00ABE2E3 /* CBScanDemo.app */;
			productType = "com.apple.product-type.application";
		};
/* End PBXNativeTarget section */

/* Begin PBXProject section */
		3C69B3AD22D2F56D00ABE2E3 /* Project object */ = {
			isa = PBXProject;
			attributes = {
				LastUpgradeCheck = 1210;
				ORGANIZATIONNAME = CBin;
				TargetAttributes = {
					3C1DA4272321FC7700D15CF4 = {
						CreatedOnToolsVersion = 10.3;
					};
					3C69B3B422D2F56D00ABE2E3 = {
						CreatedOnToolsVersion = 10.2;
					};
				};
			};
			buildConfigurationList = 3C69B3B022D2F56D00ABE2E3 /* Build configuration list for PBXProject "CBScanDemo" */;
			compatibilityVersion = "Xcode 9.3";
			developmentRegion = en;
			hasScannedForEncodings = 0;
			knownRegions = (
				en,
				Base,
			);
			mainGroup = 3C69B3AC22D2F56D00ABE2E3;
			productRefGroup = 3C69B3B622D2F56D00ABE2E3 /* Products */;
			projectDirPath = "";
			projectRoot = "";
			targets = (
				3C69B3B422D2F56D00ABE2E3 /* CBScanDemo */,
				3C1DA4272321FC7700D15CF4 /* CBScan */,
			);
		};
/* End PBXProject section */

/* Begin PBXResourcesBuildPhase section */
		3C1DA4262321FC7700D15CF4 /* Resources */ = {
			isa = PBXResourcesBuildPhase;
			buildActionMask = 2147483647;
			files = (
				3C1DA4522321FFD000D15CF4 /* app_scan_corner_bottom_left@2x.png in Resources */,
				3C1DA44C2321FFD000D15CF4 /* app_scan_corner_top_right@3x.png in Resources */,
				3C1DA44F2321FFD000D15CF4 /* btn_player_quit@2x.png in Resources */,
				3C1DA4502321FFD000D15CF4 /* app_scan_corner_top_right@2x.png in Resources */,
				3C1DA44D2321FFD000D15CF4 /* app_scan_corner_bottom_right@3x.png in Resources */,
				3C1DA4512321FFD000D15CF4 /* app_scan_corner_top_left@3x.png in Resources */,
				3C1DA4492321FFD000D15CF4 /* scan_net@2x.png in Resources */,
				3C1DA44E2321FFD000D15CF4 /* scanSuccess.mp3 in Resources */,
				3C1DA44A2321FFD000D15CF4 /* app_scan_corner_top_left@2x.png in Resources */,
				3C1DA44B2321FFD000D15CF4 /* app_scan_corner_bottom_right@2x.png in Resources */,
				3C1DA4532321FFD000D15CF4 /* btn_player_quit@3x.png in Resources */,
				3C1DA4542321FFD000D15CF4 /* app_scan_corner_bottom_left@3x.png in Resources */,
			);
			runOnlyForDeploymentPostprocessing = 0;
		};
		3C69B3B322D2F56D00ABE2E3 /* Resources */ = {
			isa = PBXResourcesBuildPhase;
			buildActionMask = 2147483647;
			files = (
				3C69B3C522D2F56F00ABE2E3 /* LaunchScreen.storyboard in Resources */,
				3C69B3C222D2F56F00ABE2E3 /* Assets.xcassets in Resources */,
				3C69B3C022D2F56E00ABE2E3 /* Main.storyboard in Resources */,
				3C1DA4592322005800D15CF4 /* CBScan.bundle in Resources */,
			);
			runOnlyForDeploymentPostprocessing = 0;
		};
/* End PBXResourcesBuildPhase section */

/* Begin PBXShellScriptBuildPhase section */
		55B9AB6E978050CF7C365714 /* [CP] Check Pods Manifest.lock */ = {
			isa = PBXShellScriptBuildPhase;
			buildActionMask = 2147483647;
			files = (
			);
			inputFileListPaths = (
			);
			inputPaths = (
				"${PODS_PODFILE_DIR_PATH}/Podfile.lock",
				"${PODS_ROOT}/Manifest.lock",
			);
			name = "[CP] Check Pods Manifest.lock";
			outputFileListPaths = (
			);
			outputPaths = (
				"$(DERIVED_FILE_DIR)/Pods-CBScanDemo-checkManifestLockResult.txt",
			);
			runOnlyForDeploymentPostprocessing = 0;
			shellPath = /bin/sh;
			shellScript = "diff \"${PODS_PODFILE_DIR_PATH}/Podfile.lock\" \"${PODS_ROOT}/Manifest.lock\" > /dev/null\nif [ $? != 0 ] ; then\n    # print error to STDERR\n    echo \"error: The sandbox is not in sync with the Podfile.lock. Run 'pod install' or update your CocoaPods installation.\" >&2\n    exit 1\nfi\n# This output is used by Xcode 'outputs' to avoid re-running this script phase.\necho \"SUCCESS\" > \"${SCRIPT_OUTPUT_FILE_0}\"\n";
			showEnvVarsInLog = 0;
		};
/* End PBXShellScriptBuildPhase section */

/* Begin PBXSourcesBuildPhase section */
		3C1DA4242321FC7700D15CF4 /* Sources */ = {
			isa = PBXSourcesBuildPhase;
			buildActionMask = 2147483647;
			files = (
			);
			runOnlyForDeploymentPostprocessing = 0;
		};
		3C69B3B122D2F56D00ABE2E3 /* Sources */ = {
			isa = PBXSourcesBuildPhase;
			buildActionMask = 2147483647;
			files = (
				3C69B3E522D2F58E00ABE2E3 /* CBScan.m in Sources */,
				3C69B3BD22D2F56E00ABE2E3 /* ViewController.m in Sources */,
				3C69B3C822D2F56F00ABE2E3 /* main.m in Sources */,
				3C69B3BA22D2F56D00ABE2E3 /* AppDelegate.m in Sources */,
			);
			runOnlyForDeploymentPostprocessing = 0;
		};
/* End PBXSourcesBuildPhase section */

/* Begin PBXVariantGroup section */
		3C69B3BE22D2F56E00ABE2E3 /* Main.storyboard */ = {
			isa = PBXVariantGroup;
			children = (
				3C69B3BF22D2F56E00ABE2E3 /* Base */,
			);
			name = Main.storyboard;
			sourceTree = "<group>";
		};
		3C69B3C322D2F56F00ABE2E3 /* LaunchScreen.storyboard */ = {
			isa = PBXVariantGroup;
			children = (
				3C69B3C422D2F56F00ABE2E3 /* Base */,
			);
			name = LaunchScreen.storyboard;
			sourceTree = "<group>";
		};
/* End PBXVariantGroup section */

/* Begin XCBuildConfiguration section */
		3C1DA42B2321FC7700D15CF4 /* Debug */ = {
			isa = XCBuildConfiguration;
			buildSettings = {
				CODE_SIGN_IDENTITY = "Don't Code Sign";
				CODE_SIGN_STYLE = Automatic;
				COMBINE_HIDPI_IMAGES = NO;
				DEVELOPMENT_TEAM = REVRBWB9BK;
				INFOPLIST_FILE = CBScan/Info.plist;
				INSTALL_PATH = "";
				IPHONEOS_DEPLOYMENT_TARGET = 12.0;
				MACOSX_DEPLOYMENT_TARGET = 10.14;
				ONLY_ACTIVE_ARCH = YES;
				PRODUCT_BUNDLE_IDENTIFIER = com.CBScan;
				PRODUCT_NAME = "$(TARGET_NAME)";
				SDKROOT = iphoneos;
				SKIP_INSTALL = NO;
				WRAPPER_EXTENSION = bundle;
			};
			name = Debug;
		};
		3C1DA42C2321FC7700D15CF4 /* Release */ = {
			isa = XCBuildConfiguration;
			buildSettings = {
				CODE_SIGN_IDENTITY = "Don't Code Sign";
				CODE_SIGN_STYLE = Automatic;
				COMBINE_HIDPI_IMAGES = NO;
				COPY_PHASE_STRIP = YES;
				DEVELOPMENT_TEAM = REVRBWB9BK;
				INFOPLIST_FILE = CBScan/Info.plist;
				INSTALL_PATH = "";
				IPHONEOS_DEPLOYMENT_TARGET = 12.0;
				MACOSX_DEPLOYMENT_TARGET = 10.14;
				ONLY_ACTIVE_ARCH = YES;
				PRODUCT_BUNDLE_IDENTIFIER = com.CBScan;
				PRODUCT_NAME = "$(TARGET_NAME)";
				SDKROOT = iphoneos;
				SKIP_INSTALL = NO;
				WRAPPER_EXTENSION = bundle;
			};
			name = Release;
		};
		3C69B3C922D2F56F00ABE2E3 /* Debug */ = {
			isa = XCBuildConfiguration;
			buildSettings = {
				ALWAYS_SEARCH_USER_PATHS = NO;
				CLANG_ANALYZER_NONNULL = YES;
				CLANG_ANALYZER_NUMBER_OBJECT_CONVERSION = YES_AGGRESSIVE;
				CLANG_CXX_LANGUAGE_STANDARD = "gnu++14";
				CLANG_CXX_LIBRARY = "libc++";
				CLANG_ENABLE_MODULES = YES;
				CLANG_ENABLE_OBJC_ARC = YES;
				CLANG_ENABLE_OBJC_WEAK = YES;
				CLANG_WARN_BLOCK_CAPTURE_AUTORELEASING = YES;
				CLANG_WARN_BOOL_CONVERSION = YES;
				CLANG_WARN_COMMA = YES;
				CLANG_WARN_CONSTANT_CONVERSION = YES;
				CLANG_WARN_DEPRECATED_OBJC_IMPLEMENTATIONS = YES;
				CLANG_WARN_DIRECT_OBJC_ISA_USAGE = YES_ERROR;
				CLANG_WARN_DOCUMENTATION_COMMENTS = YES;
				CLANG_WARN_EMPTY_BODY = YES;
				CLANG_WARN_ENUM_CONVERSION = YES;
				CLANG_WARN_INFINITE_RECURSION = YES;
				CLANG_WARN_INT_CONVERSION = YES;
				CLANG_WARN_NON_LITERAL_NULL_CONVERSION = YES;
				CLANG_WARN_OBJC_IMPLICIT_RETAIN_SELF = YES;
				CLANG_WARN_OBJC_LITERAL_CONVERSION = YES;
				CLANG_WARN_OBJC_ROOT_CLASS = YES_ERROR;
				CLANG_WARN_QUOTED_INCLUDE_IN_FRAMEWORK_HEADER = YES;
				CLANG_WARN_RANGE_LOOP_ANALYSIS = YES;
				CLANG_WARN_STRICT_PROTOTYPES = YES;
				CLANG_WARN_SUSPICIOUS_MOVE = YES;
				CLANG_WARN_UNGUARDED_AVAILABILITY = YES_AGGRESSIVE;
				CLANG_WARN_UNREACHABLE_CODE = YES;
				CLANG_WARN__DUPLICATE_METHOD_MATCH = YES;
				CODE_SIGN_IDENTITY = "iPhone Developer";
				COPY_PHASE_STRIP = NO;
				DEBUG_INFORMATION_FORMAT = dwarf;
				ENABLE_STRICT_OBJC_MSGSEND = YES;
				ENABLE_TESTABILITY = YES;
				GCC_C_LANGUAGE_STANDARD = gnu11;
				GCC_DYNAMIC_NO_PIC = NO;
				GCC_NO_COMMON_BLOCKS = YES;
				GCC_OPTIMIZATION_LEVEL = 0;
				GCC_PREPROCESSOR_DEFINITIONS = (
					"DEBUG=1",
					"$(inherited)",
				);
				GCC_WARN_64_TO_32_BIT_CONVERSION = YES;
				GCC_WARN_ABOUT_RETURN_TYPE = YES_ERROR;
				GCC_WARN_UNDECLARED_SELECTOR = YES;
				GCC_WARN_UNINITIALIZED_AUTOS = YES_AGGRESSIVE;
				GCC_WARN_UNUSED_FUNCTION = YES;
				GCC_WARN_UNUSED_VARIABLE = YES;
				IPHONEOS_DEPLOYMENT_TARGET = 12.2;
				MTL_ENABLE_DEBUG_INFO = INCLUDE_SOURCE;
				MTL_FAST_MATH = YES;
				ONLY_ACTIVE_ARCH = YES;
				SDKROOT = iphoneos;
			};
			name = Debug;
		};
		3C69B3CA22D2F56F00ABE2E3 /* Release */ = {
			isa = XCBuildConfiguration;
			buildSettings = {
				ALWAYS_SEARCH_USER_PATHS = NO;
				CLANG_ANALYZER_NONNULL = YES;
				CLANG_ANALYZER_NUMBER_OBJECT_CONVERSION = YES_AGGRESSIVE;
				CLANG_CXX_LANGUAGE_STANDARD = "gnu++14";
				CLANG_CXX_LIBRARY = "libc++";
				CLANG_ENABLE_MODULES = YES;
				CLANG_ENABLE_OBJC_ARC = YES;
				CLANG_ENABLE_OBJC_WEAK = YES;
				CLANG_WARN_BLOCK_CAPTURE_AUTORELEASING = YES;
				CLANG_WARN_BOOL_CONVERSION = YES;
				CLANG_WARN_COMMA = YES;
				CLANG_WARN_CONSTANT_CONVERSION = YES;
				CLANG_WARN_DEPRECATED_OBJC_IMPLEMENTATIONS = YES;
				CLANG_WARN_DIRECT_OBJC_ISA_USAGE = YES_ERROR;
				CLANG_WARN_DOCUMENTATION_COMMENTS = YES;
				CLANG_WARN_EMPTY_BODY = YES;
				CLANG_WARN_ENUM_CONVERSION = YES;
				CLANG_WARN_INFINITE_RECURSION = YES;
				CLANG_WARN_INT_CONVERSION = YES;
				CLANG_WARN_NON_LITERAL_NULL_CONVERSION = YES;
				CLANG_WARN_OBJC_IMPLICIT_RETAIN_SELF = YES;
				CLANG_WARN_OBJC_LITERAL_CONVERSION = YES;
				CLANG_WARN_OBJC_ROOT_CLASS = YES_ERROR;
				CLANG_WARN_QUOTED_INCLUDE_IN_FRAMEWORK_HEADER = YES;
				CLANG_WARN_RANGE_LOOP_ANALYSIS = YES;
				CLANG_WARN_STRICT_PROTOTYPES = YES;
				CLANG_WARN_SUSPICIOUS_MOVE = YES;
				CLANG_WARN_UNGUARDED_AVAILABILITY = YES_AGGRESSIVE;
				CLANG_WARN_UNREACHABLE_CODE = YES;
				CLANG_WARN__DUPLICATE_METHOD_MATCH = YES;
				CODE_SIGN_IDENTITY = "iPhone Developer";
				COPY_PHASE_STRIP = NO;
				DEBUG_INFORMATION_FORMAT = "dwarf-with-dsym";
				ENABLE_NS_ASSERTIONS = NO;
				ENABLE_STRICT_OBJC_MSGSEND = YES;
				GCC_C_LANGUAGE_STANDARD = gnu11;
				GCC_NO_COMMON_BLOCKS = YES;
				GCC_WARN_64_TO_32_BIT_CONVERSION = YES;
				GCC_WARN_ABOUT_RETURN_TYPE = YES_ERROR;
				GCC_WARN_UNDECLARED_SELECTOR = YES;
				GCC_WARN_UNINITIALIZED_AUTOS = YES_AGGRESSIVE;
				GCC_WARN_UNUSED_FUNCTION = YES;
				GCC_WARN_UNUSED_VARIABLE = YES;
				IPHONEOS_DEPLOYMENT_TARGET = 12.2;
				MTL_ENABLE_DEBUG_INFO = NO;
				MTL_FAST_MATH = YES;
				SDKROOT = iphoneos;
				VALIDATE_PRODUCT = YES;
			};
			name = Release;
		};
		3C69B3CC22D2F56F00ABE2E3 /* Debug */ = {
			isa = XCBuildConfiguration;
			baseConfigurationReference = 1C976007F9F777E7ED29B3D2 /* Pods-CBScanDemo.debug.xcconfig */;
			buildSettings = {
				ASSETCATALOG_COMPILER_APPICON_NAME = AppIcon;
				CODE_SIGN_STYLE = Automatic;
				DEVELOPMENT_TEAM = REVRBWB9BK;
				INFOPLIST_FILE = CBScanDemo/Info.plist;
				IPHONEOS_DEPLOYMENT_TARGET = 12.0;
				LD_RUNPATH_SEARCH_PATHS = (
					"$(inherited)",
					"@executable_path/Frameworks",
				);
				PRODUCT_BUNDLE_IDENTIFIER = com.CBScanDemo;
				PRODUCT_NAME = "$(TARGET_NAME)";
				TARGETED_DEVICE_FAMILY = "1,2";
			};
			name = Debug;
		};
		3C69B3CD22D2F56F00ABE2E3 /* Release */ = {
			isa = XCBuildConfiguration;
			baseConfigurationReference = DCE204F1DF817B26D0E90F09 /* Pods-CBScanDemo.release.xcconfig */;
			buildSettings = {
				ASSETCATALOG_COMPILER_APPICON_NAME = AppIcon;
				CODE_SIGN_STYLE = Automatic;
				DEVELOPMENT_TEAM = REVRBWB9BK;
				INFOPLIST_FILE = CBScanDemo/Info.plist;
				IPHONEOS_DEPLOYMENT_TARGET = 12.0;
				LD_RUNPATH_SEARCH_PATHS = (
					"$(inherited)",
					"@executable_path/Frameworks",
				);
				PRODUCT_BUNDLE_IDENTIFIER = com.CBScanDemo;
				PRODUCT_NAME = "$(TARGET_NAME)";
				TARGETED_DEVICE_FAMILY = "1,2";
			};
			name = Release;
		};
/* End XCBuildConfiguration section */

/* Begin XCConfigurationList section */
		3C1DA42D2321FC7700D15CF4 /* Build configuration list for PBXNativeTarget "CBScan" */ = {
			isa = XCConfigurationList;
			buildConfigurations = (
				3C1DA42B2321FC7700D15CF4 /* Debug */,
				3C1DA42C2321FC7700D15CF4 /* Release */,
			);
			defaultConfigurationIsVisible = 0;
			defaultConfigurationName = Release;
		};
		3C69B3B022D2F56D00ABE2E3 /* Build configuration list for PBXProject "CBScanDemo" */ = {
			isa = XCConfigurationList;
			buildConfigurations = (
				3C69B3C922D2F56F00ABE2E3 /* Debug */,
				3C69B3CA22D2F56F00ABE2E3 /* Release */,
			);
			defaultConfigurationIsVisible = 0;
			defaultConfigurationName = Release;
		};
		3C69B3CB22D2F56F00ABE2E3 /* Build configuration list for PBXNativeTarget "CBScanDemo" */ = {
			isa = XCConfigurationList;
			buildConfigurations = (
				3C69B3CC22D2F56F00ABE2E3 /* Debug */,
				3C69B3CD22D2F56F00ABE2E3 /* Release */,
			);
			defaultConfigurationIsVisible = 0;
			defaultConfigurationName = Release;
		};
/* End XCConfigurationList section */
	};
	rootObject = 3C69B3AD22D2F56D00ABE2E3 /* Project object */;
}
